
Microsoft Visual Studio Solution File, Format Version 12.00
# Visual Studio Version 17
VisualStudioVersion = 17.5.002.0
MinimumVisualStudioVersion = 10.0.40219.1
Project("{9A19103F-16F7-4668-BE54-9A1E7A4F7556}") = "MiniChallenge_1_Endpoint", "MiniChallenge_1_Endpoint.csproj", "{46676473-7E9F-47C3-961C-5D0C39B68CE5}"
EndProject
Global
	GlobalSection(SolutionConfigurationPlatforms) = preSolution
		Debug|Any CPU = Debug|Any CPU
		Release|Any CPU = Release|Any CPU
	EndGlobalSection
	GlobalSection(ProjectConfigurationPlatforms) = postSolution
		{46676473-7E9F-47C3-961C-5D0C39B68CE5}.Debug|Any CPU.ActiveCfg = Debug|Any CPU
		{46676473-7E9F-47C3-961C-5D0C39B68CE5}.Debug|Any CPU.Build.0 = Debug|Any CPU
		{46676473-7E9F-47C3-961C-5D0C39B68CE5}.Release|Any CPU.ActiveCfg = Release|Any CPU
		{46676473-7E9F-47C3-961C-5D0C39B68CE5}.Release|Any CPU.Build.0 = Release|Any CPU
	EndGlobalSection
	GlobalSection(SolutionProperties) = preSolution
		HideSolutionNode = FALSE
	EndGlobalSection
	GlobalSection(ExtensibilityGlobals) = postSolution
		SolutionGuid = {C0A5815B-1CAD-41E1-9F96-27E0D113D98D}
	EndGlobalSection
EndGlobal
